
Microsoft Visual Studio Solution File, Format Version 12.00
# Visual Studio Version 17
VisualStudioVersion = 17.0.31903.59
MinimumVisualStudioVersion = 10.0.40219.1
Project("{FAE04EC0-301F-11D3-BF4B-00C04F79EFBC}") = "GameLibrary", "GameLibrary\GameLibrary.csproj", "{78A48108-04AB-4416-AB1B-2045DFFBDD6C}"
EndProject
Project("{FAE04EC0-301F-11D3-BF4B-00C04F79EFBC}") = "InputLibrary", "InputLibrary\InputLibrary.csproj", "{EA30731E-48FE-4CC9-B9C3-7338DF4DE8B2}"
EndProject
Project("{FAE04EC0-301F-11D3-BF4B-00C04F79EFBC}") = "RunProject", "RunProject\RunProject.csproj", "{60E0FD61-8C4D-49E1-97E0-BFF9D3A8BAC1}"
EndProject
Global
	GlobalSection(SolutionConfigurationPlatforms) = preSolution
		Debug|Any CPU = Debug|Any CPU
		Debug|x64 = Debug|x64
		Debug|x86 = Debug|x86
		Release|Any CPU = Release|Any CPU
		Release|x64 = Release|x64
		Release|x86 = Release|x86
	EndGlobalSection
	GlobalSection(ProjectConfigurationPlatforms) = postSolution
		{78A48108-04AB-4416-AB1B-2045DFFBDD6C}.Debug|Any CPU.ActiveCfg = Debug|Any CPU
		{78A48108-04AB-4416-AB1B-2045DFFBDD6C}.Debug|Any CPU.Build.0 = Debug|Any CPU
		{78A48108-04AB-4416-AB1B-2045DFFBDD6C}.Debug|x64.ActiveCfg = Debug|Any CPU
		{78A48108-04AB-4416-AB1B-2045DFFBDD6C}.Debug|x64.Build.0 = Debug|Any CPU
		{78A48108-04AB-4416-AB1B-2045DFFBDD6C}.Debug|x86.ActiveCfg = Debug|Any CPU
		{78A48108-04AB-4416-AB1B-2045DFFBDD6C}.Debug|x86.Build.0 = Debug|Any CPU
		{78A48108-04AB-4416-AB1B-2045DFFBDD6C}.Release|Any CPU.ActiveCfg = Release|Any CPU
		{78A48108-04AB-4416-AB1B-2045DFFBDD6C}.Release|Any CPU.Build.0 = Release|Any CPU
		{78A48108-04AB-4416-AB1B-2045DFFBDD6C}.Release|x64.ActiveCfg = Release|Any CPU
		{78A48108-04AB-4416-AB1B-2045DFFBDD6C}.Release|x64.Build.0 = Release|Any CPU
		{78A48108-04AB-4416-AB1B-2045DFFBDD6C}.Release|x86.ActiveCfg = Release|Any CPU
		{78A48108-04AB-4416-AB1B-2045DFFBDD6C}.Release|x86.Build.0 = Release|Any CPU
		{EA30731E-48FE-4CC9-B9C3-7338DF4DE8B2}.Debug|Any CPU.ActiveCfg = Debug|Any CPU
		{EA30731E-48FE-4CC9-B9C3-7338DF4DE8B2}.Debug|Any CPU.Build.0 = Debug|Any CPU
		{EA30731E-48FE-4CC9-B9C3-7338DF4DE8B2}.Debug|x64.ActiveCfg = Debug|Any CPU
		{EA30731E-48FE-4CC9-B9C3-7338DF4DE8B2}.Debug|x64.Build.0 = Debug|Any CPU
		{EA30731E-48FE-4CC9-B9C3-7338DF4DE8B2}.Debug|x86.ActiveCfg = Debug|Any CPU
		{EA30731E-48FE-4CC9-B9C3-7338DF4DE8B2}.Debug|x86.Build.0 = Debug|Any CPU
		{EA30731E-48FE-4CC9-B9C3-7338DF4DE8B2}.Release|Any CPU.ActiveCfg = Release|Any CPU
		{EA30731E-48FE-4CC9-B9C3-7338DF4DE8B2}.Release|Any CPU.Build.0 = Release|Any CPU
		{EA30731E-48FE-4CC9-B9C3-7338DF4DE8B2}.Release|x64.ActiveCfg = Release|Any CPU
		{EA30731E-48FE-4CC9-B9C3-7338DF4DE8B2}.Release|x64.Build.0 = Release|Any CPU
		{EA30731E-48FE-4CC9-B9C3-7338DF4DE8B2}.Release|x86.ActiveCfg = Release|Any CPU
		{EA30731E-48FE-4CC9-B9C3-7338DF4DE8B2}.Release|x86.Build.0 = Release|Any CPU
		{60E0FD61-8C4D-49E1-97E0-BFF9D3A8BAC1}.Debug|Any CPU.ActiveCfg = Debug|Any CPU
		{60E0FD61-8C4D-49E1-97E0-BFF9D3A8BAC1}.Debug|Any CPU.Build.0 = Debug|Any CPU
		{60E0FD61-8C4D-49E1-97E0-BFF9D3A8BAC1}.Debug|x64.ActiveCfg = Debug|Any CPU
		{60E0FD61-8C4D-49E1-97E0-BFF9D3A8BAC1}.Debug|x64.Build.0 = Debug|Any CPU
		{60E0FD61-8C4D-49E1-97E0-BFF9D3A8BAC1}.Debug|x86.ActiveCfg = Debug|Any CPU
		{60E0FD61-8C4D-49E1-97E0-BFF9D3A8BAC1}.Debug|x86.Build.0 = Debug|Any CPU
		{60E0FD61-8C4D-49E1-97E0-BFF9D3A8BAC1}.Release|Any CPU.ActiveCfg = Release|Any CPU
		{60E0FD61-8C4D-49E1-97E0-BFF9D3A8BAC1}.Release|Any CPU.Build.0 = Release|Any CPU
		{60E0FD61-8C4D-49E1-97E0-BFF9D3A8BAC1}.Release|x64.ActiveCfg = Release|Any CPU
		{60E0FD61-8C4D-49E1-97E0-BFF9D3A8BAC1}.Release|x64.Build.0 = Release|Any CPU
		{60E0FD61-8C4D-49E1-97E0-BFF9D3A8BAC1}.Release|x86.ActiveCfg = Release|Any CPU
		{60E0FD61-8C4D-49E1-97E0-BFF9D3A8BAC1}.Release|x86.Build.0 = Release|Any CPU
	EndGlobalSection
	GlobalSection(SolutionProperties) = preSolution
		HideSolutionNode = FALSE
	EndGlobalSection
EndGlobal
